
Microsoft Visual Studio Solution File, Format Version 12.00
# Visual Studio 14
VisualStudioVersion = 14.0.25123.0
MinimumVisualStudioVersion = 10.0.40219.1
Project("{F2A71F9B-5D33-465A-A702-920D77279786}") = "Fibonacci", "Homework1\Fibonacci.fsproj", "{B2B3D6B8-FCF2-4AFD-B8FE-5C1825CB4DB8}"
EndProject
Project("{F2A71F9B-5D33-465A-A702-920D77279786}") = "Factorial", "Factorial\Factorial.fsproj", "{7598AF49-D041-4A08-B6FE-7445C0E9F3ED}"
EndProject
Project("{F2A71F9B-5D33-465A-A702-920D77279786}") = "ListCreation", "ListCreation\ListCreation.fsproj", "{DD66A2B0-6B1B-42C2-A6DF-B34F985223BA}"
EndProject
Project("{F2A71F9B-5D33-465A-A702-920D77279786}") = "ListReverse", "ListReverse\ListReverse.fsproj", "{575F7D67-61A2-48B3-813D-E42ACE16C3A0}"
EndProject
Global
	GlobalSection(SolutionConfigurationPlatforms) = preSolution
		Debug|Any CPU = Debug|Any CPU
		Release|Any CPU = Release|Any CPU
	EndGlobalSection
	GlobalSection(ProjectConfigurationPlatforms) = postSolution
		{B2B3D6B8-FCF2-4AFD-B8FE-5C1825CB4DB8}.Debug|Any CPU.ActiveCfg = Debug|Any CPU
		{B2B3D6B8-FCF2-4AFD-B8FE-5C1825CB4DB8}.Debug|Any CPU.Build.0 = Debug|Any CPU
		{B2B3D6B8-FCF2-4AFD-B8FE-5C1825CB4DB8}.Release|Any CPU.ActiveCfg = Release|Any CPU
		{B2B3D6B8-FCF2-4AFD-B8FE-5C1825CB4DB8}.Release|Any CPU.Build.0 = Release|Any CPU
		{7598AF49-D041-4A08-B6FE-7445C0E9F3ED}.Debug|Any CPU.ActiveCfg = Debug|Any CPU
		{7598AF49-D041-4A08-B6FE-7445C0E9F3ED}.Debug|Any CPU.Build.0 = Debug|Any CPU
		{7598AF49-D041-4A08-B6FE-7445C0E9F3ED}.Release|Any CPU.ActiveCfg = Release|Any CPU
		{7598AF49-D041-4A08-B6FE-7445C0E9F3ED}.Release|Any CPU.Build.0 = Release|Any CPU
		{DD66A2B0-6B1B-42C2-A6DF-B34F985223BA}.Debug|Any CPU.ActiveCfg = Debug|Any CPU
		{DD66A2B0-6B1B-42C2-A6DF-B34F985223BA}.Debug|Any CPU.Build.0 = Debug|Any CPU
		{DD66A2B0-6B1B-42C2-A6DF-B34F985223BA}.Release|Any CPU.ActiveCfg = Release|Any CPU
		{DD66A2B0-6B1B-42C2-A6DF-B34F985223BA}.Release|Any CPU.Build.0 = Release|Any CPU
		{575F7D67-61A2-48B3-813D-E42ACE16C3A0}.Debug|Any CPU.ActiveCfg = Debug|Any CPU
		{575F7D67-61A2-48B3-813D-E42ACE16C3A0}.Debug|Any CPU.Build.0 = Debug|Any CPU
		{575F7D67-61A2-48B3-813D-E42ACE16C3A0}.Release|Any CPU.ActiveCfg = Release|Any CPU
		{575F7D67-61A2-48B3-813D-E42ACE16C3A0}.Release|Any CPU.Build.0 = Release|Any CPU
	EndGlobalSection
	GlobalSection(SolutionProperties) = preSolution
		HideSolutionNode = FALSE
	EndGlobalSection
EndGlobal
