
Microsoft Visual Studio Solution File, Format Version 12.00
# Visual Studio 14
VisualStudioVersion = 14.0.24720.0
MinimumVisualStudioVersion = 10.0.40219.1
Project("{FAE04EC0-301F-11D3-BF4B-00C04F79EFBC}") = "1", "1\1.csproj", "{7E12D6D5-5A3F-4732-83F5-0CB1EC787843}"
EndProject
Project("{FAE04EC0-301F-11D3-BF4B-00C04F79EFBC}") = "1Tests", "1Tests\1Tests.csproj", "{4BA7760B-11BC-4A79-B8F0-552A14E4E3B6}"
EndProject
Global
	GlobalSection(SolutionConfigurationPlatforms) = preSolution
		Debug|Any CPU = Debug|Any CPU
		Release|Any CPU = Release|Any CPU
	EndGlobalSection
	GlobalSection(ProjectConfigurationPlatforms) = postSolution
		{7E12D6D5-5A3F-4732-83F5-0CB1EC787843}.Debug|Any CPU.ActiveCfg = Debug|Any CPU
		{7E12D6D5-5A3F-4732-83F5-0CB1EC787843}.Debug|Any CPU.Build.0 = Debug|Any CPU
		{7E12D6D5-5A3F-4732-83F5-0CB1EC787843}.Release|Any CPU.ActiveCfg = Release|Any CPU
		{7E12D6D5-5A3F-4732-83F5-0CB1EC787843}.Release|Any CPU.Build.0 = Release|Any CPU
		{4BA7760B-11BC-4A79-B8F0-552A14E4E3B6}.Debug|Any CPU.ActiveCfg = Debug|Any CPU
		{4BA7760B-11BC-4A79-B8F0-552A14E4E3B6}.Debug|Any CPU.Build.0 = Debug|Any CPU
		{4BA7760B-11BC-4A79-B8F0-552A14E4E3B6}.Release|Any CPU.ActiveCfg = Release|Any CPU
		{4BA7760B-11BC-4A79-B8F0-552A14E4E3B6}.Release|Any CPU.Build.0 = Release|Any CPU
	EndGlobalSection
	GlobalSection(SolutionProperties) = preSolution
		HideSolutionNode = FALSE
	EndGlobalSection
EndGlobal
