
Microsoft Visual Studio Solution File, Format Version 12.00
# Visual Studio 14
VisualStudioVersion = 14.0.25420.1
MinimumVisualStudioVersion = 10.0.40219.1
Project("{F2A71F9B-5D33-465A-A702-920D77279786}") = "NumeralMultiplication", "NumeralMultiplication\NumeralMultiplication.fsproj", "{498756E6-89B3-4816-881F-8E74736673FF}"
EndProject
Project("{F2A71F9B-5D33-465A-A702-920D77279786}") = "FirstIndex", "FirstIndex\FirstIndex.fsproj", "{BA609909-7BC4-479C-9545-3480CC84C64A}"
EndProject
Project("{F2A71F9B-5D33-465A-A702-920D77279786}") = "Palindrome", "Palindrome\Palindrome.fsproj", "{E0A37FAD-0377-4E14-9706-54E03F53313D}"
EndProject
Project("{F2A71F9B-5D33-465A-A702-920D77279786}") = "DifferentElements", "DifferentElements\DifferentElements.fsproj", "{BA76F73C-D7A5-4DEA-B82A-79ABD56CA429}"
EndProject
Project("{F2A71F9B-5D33-465A-A702-920D77279786}") = "MergeSort", "MergeSort\MergeSort.fsproj", "{8CE3783A-BE75-40B8-8DD6-06AB1ABF80E9}"
EndProject
Global
	GlobalSection(SolutionConfigurationPlatforms) = preSolution
		Debug|Any CPU = Debug|Any CPU
		Release|Any CPU = Release|Any CPU
	EndGlobalSection
	GlobalSection(ProjectConfigurationPlatforms) = postSolution
		{498756E6-89B3-4816-881F-8E74736673FF}.Debug|Any CPU.ActiveCfg = Debug|Any CPU
		{498756E6-89B3-4816-881F-8E74736673FF}.Debug|Any CPU.Build.0 = Debug|Any CPU
		{498756E6-89B3-4816-881F-8E74736673FF}.Release|Any CPU.ActiveCfg = Release|Any CPU
		{498756E6-89B3-4816-881F-8E74736673FF}.Release|Any CPU.Build.0 = Release|Any CPU
		{BA609909-7BC4-479C-9545-3480CC84C64A}.Debug|Any CPU.ActiveCfg = Debug|Any CPU
		{BA609909-7BC4-479C-9545-3480CC84C64A}.Debug|Any CPU.Build.0 = Debug|Any CPU
		{BA609909-7BC4-479C-9545-3480CC84C64A}.Release|Any CPU.ActiveCfg = Release|Any CPU
		{BA609909-7BC4-479C-9545-3480CC84C64A}.Release|Any CPU.Build.0 = Release|Any CPU
		{E0A37FAD-0377-4E14-9706-54E03F53313D}.Debug|Any CPU.ActiveCfg = Debug|Any CPU
		{E0A37FAD-0377-4E14-9706-54E03F53313D}.Debug|Any CPU.Build.0 = Debug|Any CPU
		{E0A37FAD-0377-4E14-9706-54E03F53313D}.Release|Any CPU.ActiveCfg = Release|Any CPU
		{E0A37FAD-0377-4E14-9706-54E03F53313D}.Release|Any CPU.Build.0 = Release|Any CPU
		{BA76F73C-D7A5-4DEA-B82A-79ABD56CA429}.Debug|Any CPU.ActiveCfg = Debug|Any CPU
		{BA76F73C-D7A5-4DEA-B82A-79ABD56CA429}.Debug|Any CPU.Build.0 = Debug|Any CPU
		{BA76F73C-D7A5-4DEA-B82A-79ABD56CA429}.Release|Any CPU.ActiveCfg = Release|Any CPU
		{BA76F73C-D7A5-4DEA-B82A-79ABD56CA429}.Release|Any CPU.Build.0 = Release|Any CPU
		{8CE3783A-BE75-40B8-8DD6-06AB1ABF80E9}.Debug|Any CPU.ActiveCfg = Debug|Any CPU
		{8CE3783A-BE75-40B8-8DD6-06AB1ABF80E9}.Debug|Any CPU.Build.0 = Debug|Any CPU
		{8CE3783A-BE75-40B8-8DD6-06AB1ABF80E9}.Release|Any CPU.ActiveCfg = Release|Any CPU
		{8CE3783A-BE75-40B8-8DD6-06AB1ABF80E9}.Release|Any CPU.Build.0 = Release|Any CPU
	EndGlobalSection
	GlobalSection(SolutionProperties) = preSolution
		HideSolutionNode = FALSE
	EndGlobalSection
EndGlobal
