
Microsoft Visual Studio Solution File, Format Version 12.00
# Visual Studio 15
VisualStudioVersion = 15.0.26403.3
MinimumVisualStudioVersion = 10.0.40219.1
Project("{F2A71F9B-5D33-465A-A702-920D77279786}") = "Task1", "Task1\Task1.fsproj", "{6D096A91-42DA-4F0F-8366-AE69DB4C963B}"
EndProject
Project("{F2A71F9B-5D33-465A-A702-920D77279786}") = "Task2", "Task2\Task2.fsproj", "{B5CA7418-06F5-479F-A8D3-D160BBC601F2}"
EndProject
Project("{F2A71F9B-5D33-465A-A702-920D77279786}") = "Task3", "Task3\Task3.fsproj", "{E3A8F7CC-C190-423B-B218-2E6C2C911A71}"
EndProject
Global
	GlobalSection(SolutionConfigurationPlatforms) = preSolution
		Debug|Any CPU = Debug|Any CPU
		Release|Any CPU = Release|Any CPU
	EndGlobalSection
	GlobalSection(ProjectConfigurationPlatforms) = postSolution
		{6D096A91-42DA-4F0F-8366-AE69DB4C963B}.Debug|Any CPU.ActiveCfg = Debug|Any CPU
		{6D096A91-42DA-4F0F-8366-AE69DB4C963B}.Debug|Any CPU.Build.0 = Debug|Any CPU
		{6D096A91-42DA-4F0F-8366-AE69DB4C963B}.Release|Any CPU.ActiveCfg = Release|Any CPU
		{6D096A91-42DA-4F0F-8366-AE69DB4C963B}.Release|Any CPU.Build.0 = Release|Any CPU
		{B5CA7418-06F5-479F-A8D3-D160BBC601F2}.Debug|Any CPU.ActiveCfg = Debug|Any CPU
		{B5CA7418-06F5-479F-A8D3-D160BBC601F2}.Debug|Any CPU.Build.0 = Debug|Any CPU
		{B5CA7418-06F5-479F-A8D3-D160BBC601F2}.Release|Any CPU.ActiveCfg = Release|Any CPU
		{B5CA7418-06F5-479F-A8D3-D160BBC601F2}.Release|Any CPU.Build.0 = Release|Any CPU
		{E3A8F7CC-C190-423B-B218-2E6C2C911A71}.Debug|Any CPU.ActiveCfg = Debug|Any CPU
		{E3A8F7CC-C190-423B-B218-2E6C2C911A71}.Debug|Any CPU.Build.0 = Debug|Any CPU
		{E3A8F7CC-C190-423B-B218-2E6C2C911A71}.Release|Any CPU.ActiveCfg = Release|Any CPU
		{E3A8F7CC-C190-423B-B218-2E6C2C911A71}.Release|Any CPU.Build.0 = Release|Any CPU
	EndGlobalSection
	GlobalSection(SolutionProperties) = preSolution
		HideSolutionNode = FALSE
	EndGlobalSection
EndGlobal
